// !$*UTF8*$!
{
	archiveVersion = 1;
	classes = {
	};
	objectVersion = 50;
	objects = {

/* Begin PBXBuildFile section */
		4709EDBC23F3A260007F7268 /* Pokemon.swift in Sources */ = {isa = PBXBuildFile; fileRef = 4709EDBB23F3A260007F7268 /* Pokemon.swift */; };
		4709EDBE23F3A28F007F7268 /* PokemonGenerator.swift in Sources */ = {isa = PBXBuildFile; fileRef = 4709EDBD23F3A28F007F7268 /* PokemonGenerator.swift */; };
		474B145723F53FBA006A647F /* CollectionViewCell.swift in Sources */ = {isa = PBXBuildFile; fileRef = 474B145623F53FBA006A647F /* CollectionViewCell.swift */; };
		474B145923F5429D006A647F /* CollectionVC-CollectionView.swift in Sources */ = {isa = PBXBuildFile; fileRef = 474B145823F5429D006A647F /* CollectionVC-CollectionView.swift */; };
		47885AE923F619C8002EBBFA /* PokemonManager.swift in Sources */ = {isa = PBXBuildFile; fileRef = 47885AE823F619C8002EBBFA /* PokemonManager.swift */; };
		47A1296D23F39E9A0098ACD1 /* AppDelegate.swift in Sources */ = {isa = PBXBuildFile; fileRef = 47A1296C23F39E9A0098ACD1 /* AppDelegate.swift */; };
		47A1296F23F39E9A0098ACD1 /* SceneDelegate.swift in Sources */ = {isa = PBXBuildFile; fileRef = 47A1296E23F39E9A0098ACD1 /* SceneDelegate.swift */; };
		47A1297123F39E9A0098ACD1 /* ViewController.swift in Sources */ = {isa = PBXBuildFile; fileRef = 47A1297023F39E9A0098ACD1 /* ViewController.swift */; };
		47A1297423F39E9A0098ACD1 /* Main.storyboard in Resources */ = {isa = PBXBuildFile; fileRef = 47A1297223F39E9A0098ACD1 /* Main.storyboard */; };
		47A1297623F39E9D0098ACD1 /* Assets.xcassets in Resources */ = {isa = PBXBuildFile; fileRef = 47A1297523F39E9D0098ACD1 /* Assets.xcassets */; };
		47A1297923F39E9D0098ACD1 /* LaunchScreen.storyboard in Resources */ = {isa = PBXBuildFile; fileRef = 47A1297723F39E9D0098ACD1 /* LaunchScreen.storyboard */; };
		47A1298423F39E9D0098ACD1 /* PokedexTests.swift in Sources */ = {isa = PBXBuildFile; fileRef = 47A1298323F39E9D0098ACD1 /* PokedexTests.swift */; };
		47A1298F23F39E9D0098ACD1 /* PokedexUITests.swift in Sources */ = {isa = PBXBuildFile; fileRef = 47A1298E23F39E9D0098ACD1 /* PokedexUITests.swift */; };
		47A94EBD23F570E200C9CFE4 /* pokemons.json in Resources */ = {isa = PBXBuildFile; fileRef = 47A94EBC23F570E200C9CFE4 /* pokemons.json */; };
		47B7227323F5E8FF00483C41 /* PokeBioVC.swift in Sources */ = {isa = PBXBuildFile; fileRef = 47B7227223F5E8FF00483C41 /* PokeBioVC.swift */; };
/* End PBXBuildFile section */

/* Begin PBXContainerItemProxy section */
		47A1298023F39E9D0098ACD1 /* PBXContainerItemProxy */ = {
			isa = PBXContainerItemProxy;
			containerPortal = 47A1296123F39E9A0098ACD1 /* Project object */;
			proxyType = 1;
			remoteGlobalIDString = 47A1296823F39E9A0098ACD1;
			remoteInfo = Pokedex;
		};
		47A1298B23F39E9D0098ACD1 /* PBXContainerItemProxy */ = {
			isa = PBXContainerItemProxy;
			containerPortal = 47A1296123F39E9A0098ACD1 /* Project object */;
			proxyType = 1;
			remoteGlobalIDString = 47A1296823F39E9A0098ACD1;
			remoteInfo = Pokedex;
		};
/* End PBXContainerItemProxy section */

/* Begin PBXFileReference section */
		4709EDBB23F3A260007F7268 /* Pokemon.swift */ = {isa = PBXFileReference; lastKnownFileType = sourcecode.swift; path = Pokemon.swift; sourceTree = "<group>"; };
		4709EDBD23F3A28F007F7268 /* PokemonGenerator.swift */ = {isa = PBXFileReference; lastKnownFileType = sourcecode.swift; path = PokemonGenerator.swift; sourceTree = "<group>"; };
		474B145623F53FBA006A647F /* CollectionViewCell.swift */ = {isa = PBXFileReference; lastKnownFileType = sourcecode.swift; path = CollectionViewCell.swift; sourceTree = "<group>"; };
		474B145823F5429D006A647F /* CollectionVC-CollectionView.swift */ = {isa = PBXFileReference; lastKnownFileType = sourcecode.swift; path = "CollectionVC-CollectionView.swift"; sourceTree = "<group>"; };
		47885AE823F619C8002EBBFA /* PokemonManager.swift */ = {isa = PBXFileReference; lastKnownFileType = sourcecode.swift; path = PokemonManager.swift; sourceTree = "<group>"; };
		47A1296923F39E9A0098ACD1 /* Pokedex.app */ = {isa = PBXFileReference; explicitFileType = wrapper.application; includeInIndex = 0; path = Pokedex.app; sourceTree = BUILT_PRODUCTS_DIR; };
		47A1296C23F39E9A0098ACD1 /* AppDelegate.swift */ = {isa = PBXFileReference; lastKnownFileType = sourcecode.swift; path = AppDelegate.swift; sourceTree = "<group>"; };
		47A1296E23F39E9A0098ACD1 /* SceneDelegate.swift */ = {isa = PBXFileReference; lastKnownFileType = sourcecode.swift; path = SceneDelegate.swift; sourceTree = "<group>"; };
		47A1297023F39E9A0098ACD1 /* ViewController.swift */ = {isa = PBXFileReference; lastKnownFileType = sourcecode.swift; path = ViewController.swift; sourceTree = "<group>"; };
		47A1297323F39E9A0098ACD1 /* Base */ = {isa = PBXFileReference; lastKnownFileType = file.storyboard; name = Base; path = Base.lproj/Main.storyboard; sourceTree = "<group>"; };
		47A1297523F39E9D0098ACD1 /* Assets.xcassets */ = {isa = PBXFileReference; lastKnownFileType = folder.assetcatalog; path = Assets.xcassets; sourceTree = "<group>"; };
		47A1297823F39E9D0098ACD1 /* Base */ = {isa = PBXFileReference; lastKnownFileType = file.storyboard; name = Base; path = Base.lproj/LaunchScreen.storyboard; sourceTree = "<group>"; };
		47A1297A23F39E9D0098ACD1 /* Info.plist */ = {isa = PBXFileReference; lastKnownFileType = text.plist.xml; path = Info.plist; sourceTree = "<group>"; };
		47A1297F23F39E9D0098ACD1 /* PokedexTests.xctest */ = {isa = PBXFileReference; explicitFileType = wrapper.cfbundle; includeInIndex = 0; path = PokedexTests.xctest; sourceTree = BUILT_PRODUCTS_DIR; };
		47A1298323F39E9D0098ACD1 /* PokedexTests.swift */ = {isa = PBXFileReference; lastKnownFileType = sourcecode.swift; path = PokedexTests.swift; sourceTree = "<group>"; };
		47A1298523F39E9D0098ACD1 /* Info.plist */ = {isa = PBXFileReference; lastKnownFileType = text.plist.xml; path = Info.plist; sourceTree = "<group>"; };
		47A1298A23F39E9D0098ACD1 /* PokedexUITests.xctest */ = {isa = PBXFileReference; explicitFileType = wrapper.cfbundle; includeInIndex = 0; path = PokedexUITests.xctest; sourceTree = BUILT_PRODUCTS_DIR; };
		47A1298E23F39E9D0098ACD1 /* PokedexUITests.swift */ = {isa = PBXFileReference; lastKnownFileType = sourcecode.swift; path = PokedexUITests.swift; sourceTree = "<group>"; };
		47A1299023F39E9D0098ACD1 /* Info.plist */ = {isa = PBXFileReference; lastKnownFileType = text.plist.xml; path = Info.plist; sourceTree = "<group>"; };
		47A94EBC23F570E200C9CFE4 /* pokemons.json */ = {isa = PBXFileReference; fileEncoding = 4; lastKnownFileType = text.json; name = pokemons.json; path = Pokedex/pokemons.json; sourceTree = SOURCE_ROOT; };
		47B7227223F5E8FF00483C41 /* PokeBioVC.swift */ = {isa = PBXFileReference; lastKnownFileType = sourcecode.swift; path = PokeBioVC.swift; sourceTree = "<group>"; };
/* End PBXFileReference section */

/* Begin PBXFrameworksBuildPhase section */
		47A1296623F39E9A0098ACD1 /* Frameworks */ = {
			isa = PBXFrameworksBuildPhase;
			buildActionMask = 2147483647;
			files = (
			);
			runOnlyForDeploymentPostprocessing = 0;
		};
		47A1297C23F39E9D0098ACD1 /* Frameworks */ = {
			isa = PBXFrameworksBuildPhase;
			buildActionMask = 2147483647;
			files = (
			);
			runOnlyForDeploymentPostprocessing = 0;
		};
		47A1298723F39E9D0098ACD1 /* Frameworks */ = {
			isa = PBXFrameworksBuildPhase;
			buildActionMask = 2147483647;
			files = (
			);
			runOnlyForDeploymentPostprocessing = 0;
		};
/* End PBXFrameworksBuildPhase section */

/* Begin PBXGroup section */
		474B144F23F4F9E5006A647F /* Model */ = {
			isa = PBXGroup;
			children = (
				4709EDBB23F3A260007F7268 /* Pokemon.swift */,
				4709EDBD23F3A28F007F7268 /* PokemonGenerator.swift */,
				47885AE823F619C8002EBBFA /* PokemonManager.swift */,
			);
			path = Model;
			sourceTree = "<group>";
		};
		474B145023F4F9F2006A647F /* View */ = {
			isa = PBXGroup;
			children = (
				474B145623F53FBA006A647F /* CollectionViewCell.swift */,
				47A1297223F39E9A0098ACD1 /* Main.storyboard */,
			);
			path = View;
			sourceTree = "<group>";
		};
		474B145123F4F9FB006A647F /* ViewController */ = {
			isa = PBXGroup;
			children = (
				47A1297023F39E9A0098ACD1 /* ViewController.swift */,
				474B145823F5429D006A647F /* CollectionVC-CollectionView.swift */,
				47B7227223F5E8FF00483C41 /* PokeBioVC.swift */,
			);
			path = ViewController;
			sourceTree = "<group>";
		};
		47A1296023F39E9A0098ACD1 = {
			isa = PBXGroup;
			children = (
				47A1296B23F39E9A0098ACD1 /* Pokedex */,
				47A1298223F39E9D0098ACD1 /* PokedexTests */,
				47A1298D23F39E9D0098ACD1 /* PokedexUITests */,
				47A1296A23F39E9A0098ACD1 /* Products */,
			);
			sourceTree = "<group>";
		};
		47A1296A23F39E9A0098ACD1 /* Products */ = {
			isa = PBXGroup;
			children = (
				47A1296923F39E9A0098ACD1 /* Pokedex.app */,
				47A1297F23F39E9D0098ACD1 /* PokedexTests.xctest */,
				47A1298A23F39E9D0098ACD1 /* PokedexUITests.xctest */,
			);
			name = Products;
			sourceTree = "<group>";
		};
		47A1296B23F39E9A0098ACD1 /* Pokedex */ = {
			isa = PBXGroup;
			children = (
				474B144F23F4F9E5006A647F /* Model */,
				474B145123F4F9FB006A647F /* ViewController */,
				474B145023F4F9F2006A647F /* View */,
				47A1296E23F39E9A0098ACD1 /* SceneDelegate.swift */,
				47A1296C23F39E9A0098ACD1 /* AppDelegate.swift */,
				47A94EBC23F570E200C9CFE4 /* pokemons.json */,
				47A1297523F39E9D0098ACD1 /* Assets.xcassets */,
				47A1297723F39E9D0098ACD1 /* LaunchScreen.storyboard */,
				47A1297A23F39E9D0098ACD1 /* Info.plist */,
			);
			path = Pokedex;
			sourceTree = "<group>";
		};
		47A1298223F39E9D0098ACD1 /* PokedexTests */ = {
			isa = PBXGroup;
			children = (
				47A1298323F39E9D0098ACD1 /* PokedexTests.swift */,
				47A1298523F39E9D0098ACD1 /* Info.plist */,
			);
			path = PokedexTests;
			sourceTree = "<group>";
		};
		47A1298D23F39E9D0098ACD1 /* PokedexUITests */ = {
			isa = PBXGroup;
			children = (
				47A1298E23F39E9D0098ACD1 /* PokedexUITests.swift */,
				47A1299023F39E9D0098ACD1 /* Info.plist */,
			);
			path = PokedexUITests;
			sourceTree = "<group>";
		};
/* End PBXGroup section */

/* Begin PBXNativeTarget section */
		47A1296823F39E9A0098ACD1 /* Pokedex */ = {
			isa = PBXNativeTarget;
			buildConfigurationList = 47A1299323F39E9D0098ACD1 /* Build configuration list for PBXNativeTarget "Pokedex" */;
			buildPhases = (
				47A1296523F39E9A0098ACD1 /* Sources */,
				47A1296623F39E9A0098ACD1 /* Frameworks */,
				47A1296723F39E9A0098ACD1 /* Resources */,
			);
			buildRules = (
			);
			dependencies = (
			);
			name = Pokedex;
			productName = Pokedex;
			productReference = 47A1296923F39E9A0098ACD1 /* Pokedex.app */;
			productType = "com.apple.product-type.application";
		};
		47A1297E23F39E9D0098ACD1 /* PokedexTests */ = {
			isa = PBXNativeTarget;
			buildConfigurationList = 47A1299623F39E9D0098ACD1 /* Build configuration list for PBXNativeTarget "PokedexTests" */;
			buildPhases = (
				47A1297B23F39E9D0098ACD1 /* Sources */,
				47A1297C23F39E9D0098ACD1 /* Frameworks */,
				47A1297D23F39E9D0098ACD1 /* Resources */,
			);
			buildRules = (
			);
			dependencies = (
				47A1298123F39E9D0098ACD1 /* PBXTargetDependency */,
			);
			name = PokedexTests;
			productName = PokedexTests;
			productReference = 47A1297F23F39E9D0098ACD1 /* PokedexTests.xctest */;
			productType = "com.apple.product-type.bundle.unit-test";
		};
		47A1298923F39E9D0098ACD1 /* PokedexUITests */ = {
			isa = PBXNativeTarget;
			buildConfigurationList = 47A1299923F39E9D0098ACD1 /* Build configuration list for PBXNativeTarget "PokedexUITests" */;
			buildPhases = (
				47A1298623F39E9D0098ACD1 /* Sources */,
				47A1298723F39E9D0098ACD1 /* Frameworks */,
				47A1298823F39E9D0098ACD1 /* Resources */,
			);
			buildRules = (
			);
			dependencies = (
				47A1298C23F39E9D0098ACD1 /* PBXTargetDependency */,
			);
			name = PokedexUITests;
			productName = PokedexUITests;
			productReference = 47A1298A23F39E9D0098ACD1 /* PokedexUITests.xctest */;
			productType = "com.apple.product-type.bundle.ui-testing";
		};
/* End PBXNativeTarget section */

/* Begin PBXProject section */
		47A1296123F39E9A0098ACD1 /* Project object */ = {
			isa = PBXProject;
			attributes = {
				LastSwiftUpdateCheck = 1120;
				LastUpgradeCheck = 1120;
				ORGANIZATIONNAME = "James Jung";
				TargetAttributes = {
					47A1296823F39E9A0098ACD1 = {
						CreatedOnToolsVersion = 11.2.1;
					};
					47A1297E23F39E9D0098ACD1 = {
						CreatedOnToolsVersion = 11.2.1;
						TestTargetID = 47A1296823F39E9A0098ACD1;
					};
					47A1298923F39E9D0098ACD1 = {
						CreatedOnToolsVersion = 11.2.1;
						TestTargetID = 47A1296823F39E9A0098ACD1;
					};
				};
			};
			buildConfigurationList = 47A1296423F39E9A0098ACD1 /* Build configuration list for PBXProject "Pokedex" */;
			compatibilityVersion = "Xcode 9.3";
			developmentRegion = en;
			hasScannedForEncodings = 0;
			knownRegions = (
				en,
				Base,
			);
			mainGroup = 47A1296023F39E9A0098ACD1;
			productRefGroup = 47A1296A23F39E9A0098ACD1 /* Products */;
			projectDirPath = "";
			projectRoot = "";
			targets = (
				47A1296823F39E9A0098ACD1 /* Pokedex */,
				47A1297E23F39E9D0098ACD1 /* PokedexTests */,
				47A1298923F39E9D0098ACD1 /* PokedexUITests */,
			);
		};
/* End PBXProject section */

/* Begin PBXResourcesBuildPhase section */
		47A1296723F39E9A0098ACD1 /* Resources */ = {
			isa = PBXResourcesBuildPhase;
			buildActionMask = 2147483647;
			files = (
				47A1297923F39E9D0098ACD1 /* LaunchScreen.storyboard in Resources */,
				47A94EBD23F570E200C9CFE4 /* pokemons.json in Resources */,
				47A1297623F39E9D0098ACD1 /* Assets.xcassets in Resources */,
				47A1297423F39E9A0098ACD1 /* Main.storyboard in Resources */,
			);
			runOnlyForDeploymentPostprocessing = 0;
		};
		47A1297D23F39E9D0098ACD1 /* Resources */ = {
			isa = PBXResourcesBuildPhase;
			buildActionMask = 2147483647;
			files = (
			);
			runOnlyForDeploymentPostprocessing = 0;
		};
		47A1298823F39E9D0098ACD1 /* Resources */ = {
			isa = PBXResourcesBuildPhase;
			buildActionMask = 2147483647;
			files = (
			);
			runOnlyForDeploymentPostprocessing = 0;
		};
/* End PBXResourcesBuildPhase section */

/* Begin PBXSourcesBuildPhase section */
		47A1296523F39E9A0098ACD1 /* Sources */ = {
			isa = PBXSourcesBuildPhase;
			buildActionMask = 2147483647;
			files = (
				4709EDBE23F3A28F007F7268 /* PokemonGenerator.swift in Sources */,
				4709EDBC23F3A260007F7268 /* Pokemon.swift in Sources */,
				474B145723F53FBA006A647F /* CollectionViewCell.swift in Sources */,
				47A1297123F39E9A0098ACD1 /* ViewController.swift in Sources */,
				47885AE923F619C8002EBBFA /* PokemonManager.swift in Sources */,
				47B7227323F5E8FF00483C41 /* PokeBioVC.swift in Sources */,
				47A1296D23F39E9A0098ACD1 /* AppDelegate.swift in Sources */,
				474B145923F5429D006A647F /* CollectionVC-CollectionView.swift in Sources */,
				47A1296F23F39E9A0098ACD1 /* SceneDelegate.swift in Sources */,
			);
			runOnlyForDeploymentPostprocessing = 0;
		};
		47A1297B23F39E9D0098ACD1 /* Sources */ = {
			isa = PBXSourcesBuildPhase;
			buildActionMask = 2147483647;
			files = (
				47A1298423F39E9D0098ACD1 /* PokedexTests.swift in Sources */,
			);
			runOnlyForDeploymentPostprocessing = 0;
		};
		47A1298623F39E9D0098ACD1 /* Sources */ = {
			isa = PBXSourcesBuildPhase;
			buildActionMask = 2147483647;
			files = (
				47A1298F23F39E9D0098ACD1 /* PokedexUITests.swift in Sources */,
			);
			runOnlyForDeploymentPostprocessing = 0;
		};
/* End PBXSourcesBuildPhase section */

/* Begin PBXTargetDependency section */
		47A1298123F39E9D0098ACD1 /* PBXTargetDependency */ = {
			isa = PBXTargetDependency;
			target = 47A1296823F39E9A0098ACD1 /* Pokedex */;
			targetProxy = 47A1298023F39E9D0098ACD1 /* PBXContainerItemProxy */;
		};
		47A1298C23F39E9D0098ACD1 /* PBXTargetDependency */ = {
			isa = PBXTargetDependency;
			target = 47A1296823F39E9A0098ACD1 /* Pokedex */;
			targetProxy = 47A1298B23F39E9D0098ACD1 /* PBXContainerItemProxy */;
		};
/* End PBXTargetDependency section */

/* Begin PBXVariantGroup section */
		47A1297223F39E9A0098ACD1 /* Main.storyboard */ = {
			isa = PBXVariantGroup;
			children = (
				47A1297323F39E9A0098ACD1 /* Base */,
			);
			name = Main.storyboard;
			sourceTree = "<group>";
		};
		47A1297723F39E9D0098ACD1 /* LaunchScreen.storyboard */ = {
			isa = PBXVariantGroup;
			children = (
				47A1297823F39E9D0098ACD1 /* Base */,
			);
			name = LaunchScreen.storyboard;
			sourceTree = "<group>";
		};
/* End PBXVariantGroup section */

/* Begin XCBuildConfiguration section */
		47A1299123F39E9D0098ACD1 /* Debug */ = {
			isa = XCBuildConfiguration;
			buildSettings = {
				ALWAYS_SEARCH_USER_PATHS = NO;
				CLANG_ANALYZER_NONNULL = YES;
				CLANG_ANALYZER_NUMBER_OBJECT_CONVERSION = YES_AGGRESSIVE;
				CLANG_CXX_LANGUAGE_STANDARD = "gnu++14";
				CLANG_CXX_LIBRARY = "libc++";
				CLANG_ENABLE_MODULES = YES;
				CLANG_ENABLE_OBJC_ARC = YES;
				CLANG_ENABLE_OBJC_WEAK = YES;
				CLANG_WARN_BLOCK_CAPTURE_AUTORELEASING = YES;
				CLANG_WARN_BOOL_CONVERSION = YES;
				CLANG_WARN_COMMA = YES;
				CLANG_WARN_CONSTANT_CONVERSION = YES;
				CLANG_WARN_DEPRECATED_OBJC_IMPLEMENTATIONS = YES;
				CLANG_WARN_DIRECT_OBJC_ISA_USAGE = YES_ERROR;
				CLANG_WARN_DOCUMENTATION_COMMENTS = YES;
				CLANG_WARN_EMPTY_BODY = YES;
				CLANG_WARN_ENUM_CONVERSION = YES;
				CLANG_WARN_INFINITE_RECURSION = YES;
				CLANG_WARN_INT_CONVERSION = YES;
				CLANG_WARN_NON_LITERAL_NULL_CONVERSION = YES;
				CLANG_WARN_OBJC_IMPLICIT_RETAIN_SELF = YES;
				CLANG_WARN_OBJC_LITERAL_CONVERSION = YES;
				CLANG_WARN_OBJC_ROOT_CLASS = YES_ERROR;
				CLANG_WARN_RANGE_LOOP_ANALYSIS = YES;
				CLANG_WARN_STRICT_PROTOTYPES = YES;
				CLANG_WARN_SUSPICIOUS_MOVE = YES;
				CLANG_WARN_UNGUARDED_AVAILABILITY = YES_AGGRESSIVE;
				CLANG_WARN_UNREACHABLE_CODE = YES;
				CLANG_WARN__DUPLICATE_METHOD_MATCH = YES;
				COPY_PHASE_STRIP = NO;
				DEBUG_INFORMATION_FORMAT = dwarf;
				ENABLE_STRICT_OBJC_MSGSEND = YES;
				ENABLE_TESTABILITY = YES;
				GCC_C_LANGUAGE_STANDARD = gnu11;
				GCC_DYNAMIC_NO_PIC = NO;
				GCC_NO_COMMON_BLOCKS = YES;
				GCC_OPTIMIZATION_LEVEL = 0;
				GCC_PREPROCESSOR_DEFINITIONS = (
					"DEBUG=1",
					"$(inherited)",
				);
				GCC_WARN_64_TO_32_BIT_CONVERSION = YES;
				GCC_WARN_ABOUT_RETURN_TYPE = YES_ERROR;
				GCC_WARN_UNDECLARED_SELECTOR = YES;
				GCC_WARN_UNINITIALIZED_AUTOS = YES_AGGRESSIVE;
				GCC_WARN_UNUSED_FUNCTION = YES;
				GCC_WARN_UNUSED_VARIABLE = YES;
				IPHONEOS_DEPLOYMENT_TARGET = 13.2;
				MTL_ENABLE_DEBUG_INFO = INCLUDE_SOURCE;
				MTL_FAST_MATH = YES;
				ONLY_ACTIVE_ARCH = YES;
				SDKROOT = iphoneos;
				SWIFT_ACTIVE_COMPILATION_CONDITIONS = DEBUG;
				SWIFT_OPTIMIZATION_LEVEL = "-Onone";
			};
			name = Debug;
		};
		47A1299223F39E9D0098ACD1 /* Release */ = {
			isa = XCBuildConfiguration;
			buildSettings = {
				ALWAYS_SEARCH_USER_PATHS = NO;
				CLANG_ANALYZER_NONNULL = YES;
				CLANG_ANALYZER_NUMBER_OBJECT_CONVERSION = YES_AGGRESSIVE;
				CLANG_CXX_LANGUAGE_STANDARD = "gnu++14";
				CLANG_CXX_LIBRARY = "libc++";
				CLANG_ENABLE_MODULES = YES;
				CLANG_ENABLE_OBJC_ARC = YES;
				CLANG_ENABLE_OBJC_WEAK = YES;
				CLANG_WARN_BLOCK_CAPTURE_AUTORELEASING = YES;
				CLANG_WARN_BOOL_CONVERSION = YES;
				CLANG_WARN_COMMA = YES;
				CLANG_WARN_CONSTANT_CONVERSION = YES;
				CLANG_WARN_DEPRECATED_OBJC_IMPLEMENTATIONS = YES;
				CLANG_WARN_DIRECT_OBJC_ISA_USAGE = YES_ERROR;
				CLANG_WARN_DOCUMENTATION_COMMENTS = YES;
				CLANG_WARN_EMPTY_BODY = YES;
				CLANG_WARN_ENUM_CONVERSION = YES;
				CLANG_WARN_INFINITE_RECURSION = YES;
				CLANG_WARN_INT_CONVERSION = YES;
				CLANG_WARN_NON_LITERAL_NULL_CONVERSION = YES;
				CLANG_WARN_OBJC_IMPLICIT_RETAIN_SELF = YES;
				CLANG_WARN_OBJC_LITERAL_CONVERSION = YES;
				CLANG_WARN_OBJC_ROOT_CLASS = YES_ERROR;
				CLANG_WARN_RANGE_LOOP_ANALYSIS = YES;
				CLANG_WARN_STRICT_PROTOTYPES = YES;
				CLANG_WARN_SUSPICIOUS_MOVE = YES;
				CLANG_WARN_UNGUARDED_AVAILABILITY = YES_AGGRESSIVE;
				CLANG_WARN_UNREACHABLE_CODE = YES;
				CLANG_WARN__DUPLICATE_METHOD_MATCH = YES;
				COPY_PHASE_STRIP = NO;
				DEBUG_INFORMATION_FORMAT = "dwarf-with-dsym";
				ENABLE_NS_ASSERTIONS = NO;
				ENABLE_STRICT_OBJC_MSGSEND = YES;
				GCC_C_LANGUAGE_STANDARD = gnu11;
				GCC_NO_COMMON_BLOCKS = YES;
				GCC_WARN_64_TO_32_BIT_CONVERSION = YES;
				GCC_WARN_ABOUT_RETURN_TYPE = YES_ERROR;
				GCC_WARN_UNDECLARED_SELECTOR = YES;
				GCC_WARN_UNINITIALIZED_AUTOS = YES_AGGRESSIVE;
				GCC_WARN_UNUSED_FUNCTION = YES;
				GCC_WARN_UNUSED_VARIABLE = YES;
				IPHONEOS_DEPLOYMENT_TARGET = 13.2;
				MTL_ENABLE_DEBUG_INFO = NO;
				MTL_FAST_MATH = YES;
				SDKROOT = iphoneos;
				SWIFT_COMPILATION_MODE = wholemodule;
				SWIFT_OPTIMIZATION_LEVEL = "-O";
				VALIDATE_PRODUCT = YES;
			};
			name = Release;
		};
		47A1299423F39E9D0098ACD1 /* Debug */ = {
			isa = XCBuildConfiguration;
			buildSettings = {
				ASSETCATALOG_COMPILER_APPICON_NAME = AppIcon;
				CODE_SIGN_STYLE = Automatic;
				INFOPLIST_FILE = Pokedex/Info.plist;
				LD_RUNPATH_SEARCH_PATHS = (
					"$(inherited)",
					"@executable_path/Frameworks",
				);
				PRODUCT_BUNDLE_IDENTIFIER = James.Pokedex;
				PRODUCT_NAME = "$(TARGET_NAME)";
				SWIFT_VERSION = 5.0;
				TARGETED_DEVICE_FAMILY = "1,2";
			};
			name = Debug;
		};
		47A1299523F39E9D0098ACD1 /* Release */ = {
			isa = XCBuildConfiguration;
			buildSettings = {
				ASSETCATALOG_COMPILER_APPICON_NAME = AppIcon;
				CODE_SIGN_STYLE = Automatic;
				INFOPLIST_FILE = Pokedex/Info.plist;
				LD_RUNPATH_SEARCH_PATHS = (
					"$(inherited)",
					"@executable_path/Frameworks",
				);
				PRODUCT_BUNDLE_IDENTIFIER = James.Pokedex;
				PRODUCT_NAME = "$(TARGET_NAME)";
				SWIFT_VERSION = 5.0;
				TARGETED_DEVICE_FAMILY = "1,2";
			};
			name = Release;
		};
		47A1299723F39E9D0098ACD1 /* Debug */ = {
			isa = XCBuildConfiguration;
			buildSettings = {
				ALWAYS_EMBED_SWIFT_STANDARD_LIBRARIES = YES;
				BUNDLE_LOADER = "$(TEST_HOST)";
				CODE_SIGN_STYLE = Automatic;
				INFOPLIST_FILE = PokedexTests/Info.plist;
				IPHONEOS_DEPLOYMENT_TARGET = 13.2;
				LD_RUNPATH_SEARCH_PATHS = (
					"$(inherited)",
					"@executable_path/Frameworks",
					"@loader_path/Frameworks",
				);
				PRODUCT_BUNDLE_IDENTIFIER = James.PokedexTests;
				PRODUCT_NAME = "$(TARGET_NAME)";
				SWIFT_VERSION = 5.0;
				TARGETED_DEVICE_FAMILY = "1,2";
				TEST_HOST = "$(BUILT_PRODUCTS_DIR)/Pokedex.app/Pokedex";
			};
			name = Debug;
		};
		47A1299823F39E9D0098ACD1 /* Release */ = {
			isa = XCBuildConfiguration;
			buildSettings = {
				ALWAYS_EMBED_SWIFT_STANDARD_LIBRARIES = YES;
				BUNDLE_LOADER = "$(TEST_HOST)";
				CODE_SIGN_STYLE = Automatic;
				INFOPLIST_FILE = PokedexTests/Info.plist;
				IPHONEOS_DEPLOYMENT_TARGET = 13.2;
				LD_RUNPATH_SEARCH_PATHS = (
					"$(inherited)",
					"@executable_path/Frameworks",
					"@loader_path/Frameworks",
				);
				PRODUCT_BUNDLE_IDENTIFIER = James.PokedexTests;
				PRODUCT_NAME = "$(TARGET_NAME)";
				SWIFT_VERSION = 5.0;
				TARGETED_DEVICE_FAMILY = "1,2";
				TEST_HOST = "$(BUILT_PRODUCTS_DIR)/Pokedex.app/Pokedex";
			};
			name = Release;
		};
		47A1299A23F39E9D0098ACD1 /* Debug */ = {
			isa = XCBuildConfiguration;
			buildSettings = {
				ALWAYS_EMBED_SWIFT_STANDARD_LIBRARIES = YES;
				CODE_SIGN_STYLE = Automatic;
				INFOPLIST_FILE = PokedexUITests/Info.plist;
				LD_RUNPATH_SEARCH_PATHS = (
					"$(inherited)",
					"@executable_path/Frameworks",
					"@loader_path/Frameworks",
				);
				PRODUCT_BUNDLE_IDENTIFIER = James.PokedexUITests;
				PRODUCT_NAME = "$(TARGET_NAME)";
				SWIFT_VERSION = 5.0;
				TARGETED_DEVICE_FAMILY = "1,2";
				TEST_TARGET_NAME = Pokedex;
			};
			name = Debug;
		};
		47A1299B23F39E9D0098ACD1 /* Release */ = {
			isa = XCBuildConfiguration;
			buildSettings = {
				ALWAYS_EMBED_SWIFT_STANDARD_LIBRARIES = YES;
				CODE_SIGN_STYLE = Automatic;
				INFOPLIST_FILE = PokedexUITests/Info.plist;
				LD_RUNPATH_SEARCH_PATHS = (
					"$(inherited)",
					"@executable_path/Frameworks",
					"@loader_path/Frameworks",
				);
				PRODUCT_BUNDLE_IDENTIFIER = James.PokedexUITests;
				PRODUCT_NAME = "$(TARGET_NAME)";
				SWIFT_VERSION = 5.0;
				TARGETED_DEVICE_FAMILY = "1,2";
				TEST_TARGET_NAME = Pokedex;
			};
			name = Release;
		};
/* End XCBuildConfiguration section */

/* Begin XCConfigurationList section */
		47A1296423F39E9A0098ACD1 /* Build configuration list for PBXProject "Pokedex" */ = {
			isa = XCConfigurationList;
			buildConfigurations = (
				47A1299123F39E9D0098ACD1 /* Debug */,
				47A1299223F39E9D0098ACD1 /* Release */,
			);
			defaultConfigurationIsVisible = 0;
			defaultConfigurationName = Release;
		};
		47A1299323F39E9D0098ACD1 /* Build configuration list for PBXNativeTarget "Pokedex" */ = {
			isa = XCConfigurationList;
			buildConfigurations = (
				47A1299423F39E9D0098ACD1 /* Debug */,
				47A1299523F39E9D0098ACD1 /* Release */,
			);
			defaultConfigurationIsVisible = 0;
			defaultConfigurationName = Release;
		};
		47A1299623F39E9D0098ACD1 /* Build configuration list for PBXNativeTarget "PokedexTests" */ = {
			isa = XCConfigurationList;
			buildConfigurations = (
				47A1299723F39E9D0098ACD1 /* Debug */,
				47A1299823F39E9D0098ACD1 /* Release */,
			);
			defaultConfigurationIsVisible = 0;
			defaultConfigurationName = Release;
		};
		47A1299923F39E9D0098ACD1 /* Build configuration list for PBXNativeTarget "PokedexUITests" */ = {
			isa = XCConfigurationList;
			buildConfigurations = (
				47A1299A23F39E9D0098ACD1 /* Debug */,
				47A1299B23F39E9D0098ACD1 /* Release */,
			);
			defaultConfigurationIsVisible = 0;
			defaultConfigurationName = Release;
		};
/* End XCConfigurationList section */
	};
	rootObject = 47A1296123F39E9A0098ACD1 /* Project object */;
}
